
Microsoft Visual Studio Solution File, Format Version 12.00
# Visual Studio Version 17
VisualStudioVersion = 17.9.34728.123
MinimumVisualStudioVersion = 10.0.40219.1
Project("{FAE04EC0-301F-11D3-BF4B-00C04F79EFBC}") = "ConsoleApp1", "ConsoleApp1.csproj", "{5018F78A-144A-434F-AF9D-37EDF916B4C5}"
EndProject
Global
	GlobalSection(SolutionConfigurationPlatforms) = preSolution
		Debug|Any CPU = Debug|Any CPU
		Release|Any CPU = Release|Any CPU
	EndGlobalSection
	GlobalSection(ProjectConfigurationPlatforms) = postSolution
		{5018F78A-144A-434F-AF9D-37EDF916B4C5}.Debug|Any CPU.ActiveCfg = Debug|Any CPU
		{5018F78A-144A-434F-AF9D-37EDF916B4C5}.Debug|Any CPU.Build.0 = Debug|Any CPU
		{5018F78A-144A-434F-AF9D-37EDF916B4C5}.Release|Any CPU.ActiveCfg = Release|Any CPU
		{5018F78A-144A-434F-AF9D-37EDF916B4C5}.Release|Any CPU.Build.0 = Release|Any CPU
	EndGlobalSection
	GlobalSection(SolutionProperties) = preSolution
		HideSolutionNode = FALSE
	EndGlobalSection
	GlobalSection(ExtensibilityGlobals) = postSolution
		SolutionGuid = {AEB8B1EE-E74E-4071-9017-0DD15082C804}
	EndGlobalSection
EndGlobal
